
Microsoft Visual Studio Solution File, Format Version 12.00
# Visual Studio Version 17
VisualStudioVersion = 17.14.36717.8 d17.14
MinimumVisualStudioVersion = 10.0.40219.1
Project("{FAE04EC0-301F-11D3-BF4B-00C04F79EFBC}") = "ProjetoSimples.API", "src\ProjetoSimples.API\ProjetoSimples.API.csproj", "{98B7E806-51A9-41BB-90D1-FECA9C726522}"
EndProject
Project("{FAE04EC0-301F-11D3-BF4B-00C04F79EFBC}") = "ProjetoSimples.Tests", "tests\ProjetoSimples.Tests\ProjetoSimples.Tests.csproj", "{5772A5F7-4313-490A-91FD-47854F908F47}"
EndProject
Global
	GlobalSection(SolutionConfigurationPlatforms) = preSolution
		Debug|Any CPU = Debug|Any CPU
		Release|Any CPU = Release|Any CPU
	EndGlobalSection
	GlobalSection(ProjectConfigurationPlatforms) = postSolution
		{98B7E806-51A9-41BB-90D1-FECA9C726522}.Debug|Any CPU.ActiveCfg = Debug|Any CPU
		{98B7E806-51A9-41BB-90D1-FECA9C726522}.Debug|Any CPU.Build.0 = Debug|Any CPU
		{98B7E806-51A9-41BB-90D1-FECA9C726522}.Release|Any CPU.ActiveCfg = Release|Any CPU
		{98B7E806-51A9-41BB-90D1-FECA9C726522}.Release|Any CPU.Build.0 = Release|Any CPU
		{5772A5F7-4313-490A-91FD-47854F908F47}.Debug|Any CPU.ActiveCfg = Debug|Any CPU
		{5772A5F7-4313-490A-91FD-47854F908F47}.Debug|Any CPU.Build.0 = Debug|Any CPU
		{5772A5F7-4313-490A-91FD-47854F908F47}.Release|Any CPU.ActiveCfg = Release|Any CPU
		{5772A5F7-4313-490A-91FD-47854F908F47}.Release|Any CPU.Build.0 = Release|Any CPU
	EndGlobalSection
	GlobalSection(SolutionProperties) = preSolution
		HideSolutionNode = FALSE
	EndGlobalSection
	GlobalSection(ExtensibilityGlobals) = postSolution
		SolutionGuid = {CE0A641B-5752-4E14-8E43-78211429460C}
	EndGlobalSection
EndGlobal
